
Microsoft Visual Studio Solution File, Format Version 12.00
# Visual Studio 15
VisualStudioVersion = 15.0.27130.2036
MinimumVisualStudioVersion = 10.0.40219.1
Project("{FAE04EC0-301F-11D3-BF4B-00C04F79EFBC}") = "Minter.Service", "Minter.Service\Minter.Service.csproj", "{E1BF9964-99CC-4B49-9A25-D1F3102B3B88}"
EndProject
Project("{FAE04EC0-301F-11D3-BF4B-00C04F79EFBC}") = "Minter.Quartz", "Minter.Quartz\Minter.Quartz.csproj", "{3B711DFC-BA8D-426D-99E5-AB1B49B0075B}"
EndProject
Project("{FAE04EC0-301F-11D3-BF4B-00C04F79EFBC}") = "Minter.Interface", "Minter.Interface\Minter.Interface.csproj", "{C1EC6413-9DEE-4FF0-B9B5-CDC37FF64FEE}"
EndProject
Project("{FAE04EC0-301F-11D3-BF4B-00C04F79EFBC}") = "Minter.FileLog", "Minter.FileLog\Minter.FileLog.csproj", "{B15EB045-1C7F-49FA-937F-B965FDB90A8B}"
EndProject
Global
	GlobalSection(SolutionConfigurationPlatforms) = preSolution
		Debug|Any CPU = Debug|Any CPU
		Release|Any CPU = Release|Any CPU
	EndGlobalSection
	GlobalSection(ProjectConfigurationPlatforms) = postSolution
		{E1BF9964-99CC-4B49-9A25-D1F3102B3B88}.Debug|Any CPU.ActiveCfg = Debug|Any CPU
		{E1BF9964-99CC-4B49-9A25-D1F3102B3B88}.Debug|Any CPU.Build.0 = Debug|Any CPU
		{E1BF9964-99CC-4B49-9A25-D1F3102B3B88}.Release|Any CPU.ActiveCfg = Release|Any CPU
		{E1BF9964-99CC-4B49-9A25-D1F3102B3B88}.Release|Any CPU.Build.0 = Release|Any CPU
		{3B711DFC-BA8D-426D-99E5-AB1B49B0075B}.Debug|Any CPU.ActiveCfg = Debug|Any CPU
		{3B711DFC-BA8D-426D-99E5-AB1B49B0075B}.Debug|Any CPU.Build.0 = Debug|Any CPU
		{3B711DFC-BA8D-426D-99E5-AB1B49B0075B}.Release|Any CPU.ActiveCfg = Release|Any CPU
		{3B711DFC-BA8D-426D-99E5-AB1B49B0075B}.Release|Any CPU.Build.0 = Release|Any CPU
		{C1EC6413-9DEE-4FF0-B9B5-CDC37FF64FEE}.Debug|Any CPU.ActiveCfg = Debug|Any CPU
		{C1EC6413-9DEE-4FF0-B9B5-CDC37FF64FEE}.Debug|Any CPU.Build.0 = Debug|Any CPU
		{C1EC6413-9DEE-4FF0-B9B5-CDC37FF64FEE}.Release|Any CPU.ActiveCfg = Release|Any CPU
		{C1EC6413-9DEE-4FF0-B9B5-CDC37FF64FEE}.Release|Any CPU.Build.0 = Release|Any CPU
		{B15EB045-1C7F-49FA-937F-B965FDB90A8B}.Debug|Any CPU.ActiveCfg = Debug|Any CPU
		{B15EB045-1C7F-49FA-937F-B965FDB90A8B}.Debug|Any CPU.Build.0 = Debug|Any CPU
		{B15EB045-1C7F-49FA-937F-B965FDB90A8B}.Release|Any CPU.ActiveCfg = Release|Any CPU
		{B15EB045-1C7F-49FA-937F-B965FDB90A8B}.Release|Any CPU.Build.0 = Release|Any CPU
	EndGlobalSection
	GlobalSection(SolutionProperties) = preSolution
		HideSolutionNode = FALSE
	EndGlobalSection
	GlobalSection(ExtensibilityGlobals) = postSolution
		SolutionGuid = {6BB70260-5226-4A1F-9F06-F459CA0D668C}
	EndGlobalSection
EndGlobal
